// !$*UTF8*$!
{
	archiveVersion = 1;
	classes = {
	};
	objectVersion = 46;
	objects = {

/* Begin PBXBuildFile section */
		3B5ED0891CB6B4910031260A /* AppDelegate.swift in Sources */ = {isa = PBXBuildFile; fileRef = 3B5ED0881CB6B4910031260A /* AppDelegate.swift */; };
		3B5ED0901CB6B4910031260A /* Assets.xcassets in Resources */ = {isa = PBXBuildFile; fileRef = 3B5ED08F1CB6B4910031260A /* Assets.xcassets */; };
		3B5ED0931CB6B4910031260A /* LaunchScreen.storyboard in Resources */ = {isa = PBXBuildFile; fileRef = 3B5ED0911CB6B4910031260A /* LaunchScreen.storyboard */; };
		3B5ED09E1CB6B4910031260A /* JsonSampleWorkTests.swift in Sources */ = {isa = PBXBuildFile; fileRef = 3B5ED09D1CB6B4910031260A /* JsonSampleWorkTests.swift */; };
		3B5ED0A91CB6B4920031260A /* JsonSampleWorkUITests.swift in Sources */ = {isa = PBXBuildFile; fileRef = 3B5ED0A81CB6B4920031260A /* JsonSampleWorkUITests.swift */; };
		3B5ED0C51CB6FCD80031260A /* DisplayTableViewCell.swift in Sources */ = {isa = PBXBuildFile; fileRef = 3B5ED0C41CB6FCD80031260A /* DisplayTableViewCell.swift */; };
		3B5ED0C71CB6FCE70031260A /* TableViewController.swift in Sources */ = {isa = PBXBuildFile; fileRef = 3B5ED0C61CB6FCE70031260A /* TableViewController.swift */; };
		3B5ED0C91CB6FCF00031260A /* Loan.swift in Sources */ = {isa = PBXBuildFile; fileRef = 3B5ED0C81CB6FCF00031260A /* Loan.swift */; };
		3B5ED0CB1CB6FD210031260A /* Main.storyboard in Resources */ = {isa = PBXBuildFile; fileRef = 3B5ED0CA1CB6FD210031260A /* Main.storyboard */; };
/* End PBXBuildFile section */

/* Begin PBXContainerItemProxy section */
		3B5ED09A1CB6B4910031260A /* PBXContainerItemProxy */ = {
			isa = PBXContainerItemProxy;
			containerPortal = 3B5ED07D1CB6B4910031260A /* Project object */;
			proxyType = 1;
			remoteGlobalIDString = 3B5ED0841CB6B4910031260A;
			remoteInfo = JsonSampleWork;
		};
		3B5ED0A51CB6B4920031260A /* PBXContainerItemProxy */ = {
			isa = PBXContainerItemProxy;
			containerPortal = 3B5ED07D1CB6B4910031260A /* Project object */;
			proxyType = 1;
			remoteGlobalIDString = 3B5ED0841CB6B4910031260A;
			remoteInfo = JsonSampleWork;
		};
/* End PBXContainerItemProxy section */

/* Begin PBXFileReference section */
		3B5ED0851CB6B4910031260A /* JsonSampleWork.app */ = {isa = PBXFileReference; explicitFileType = wrapper.application; includeInIndex = 0; path = JsonSampleWork.app; sourceTree = BUILT_PRODUCTS_DIR; };
		3B5ED0881CB6B4910031260A /* AppDelegate.swift */ = {isa = PBXFileReference; lastKnownFileType = sourcecode.swift; path = AppDelegate.swift; sourceTree = "<group>"; };
		3B5ED08F1CB6B4910031260A /* Assets.xcassets */ = {isa = PBXFileReference; lastKnownFileType = folder.assetcatalog; path = Assets.xcassets; sourceTree = "<group>"; };
		3B5ED0921CB6B4910031260A /* Base */ = {isa = PBXFileReference; lastKnownFileType = file.storyboard; name = Base; path = Base.lproj/LaunchScreen.storyboard; sourceTree = "<group>"; };
		3B5ED0941CB6B4910031260A /* Info.plist */ = {isa = PBXFileReference; lastKnownFileType = text.plist.xml; path = Info.plist; sourceTree = "<group>"; };
		3B5ED0991CB6B4910031260A /* JsonSampleWorkTests.xctest */ = {isa = PBXFileReference; explicitFileType = wrapper.cfbundle; includeInIndex = 0; path = JsonSampleWorkTests.xctest; sourceTree = BUILT_PRODUCTS_DIR; };
		3B5ED09D1CB6B4910031260A /* JsonSampleWorkTests.swift */ = {isa = PBXFileReference; lastKnownFileType = sourcecode.swift; path = JsonSampleWorkTests.swift; sourceTree = "<group>"; };
		3B5ED09F1CB6B4910031260A /* Info.plist */ = {isa = PBXFileReference; lastKnownFileType = text.plist.xml; path = Info.plist; sourceTree = "<group>"; };
		3B5ED0A41CB6B4920031260A /* JsonSampleWorkUITests.xctest */ = {isa = PBXFileReference; explicitFileType = wrapper.cfbundle; includeInIndex = 0; path = JsonSampleWorkUITests.xctest; sourceTree = BUILT_PRODUCTS_DIR; };
		3B5ED0A81CB6B4920031260A /* JsonSampleWorkUITests.swift */ = {isa = PBXFileReference; lastKnownFileType = sourcecode.swift; path = JsonSampleWorkUITests.swift; sourceTree = "<group>"; };
		3B5ED0AA1CB6B4920031260A /* Info.plist */ = {isa = PBXFileReference; lastKnownFileType = text.plist.xml; path = Info.plist; sourceTree = "<group>"; };
		3B5ED0C41CB6FCD80031260A /* DisplayTableViewCell.swift */ = {isa = PBXFileReference; fileEncoding = 4; lastKnownFileType = sourcecode.swift; path = DisplayTableViewCell.swift; sourceTree = "<group>"; };
		3B5ED0C61CB6FCE70031260A /* TableViewController.swift */ = {isa = PBXFileReference; fileEncoding = 4; lastKnownFileType = sourcecode.swift; path = TableViewController.swift; sourceTree = "<group>"; };
		3B5ED0C81CB6FCF00031260A /* Loan.swift */ = {isa = PBXFileReference; fileEncoding = 4; lastKnownFileType = sourcecode.swift; path = Loan.swift; sourceTree = "<group>"; };
		3B5ED0CA1CB6FD210031260A /* Main.storyboard */ = {isa = PBXFileReference; fileEncoding = 4; lastKnownFileType = file.storyboard; path = Main.storyboard; sourceTree = "<group>"; };
/* End PBXFileReference section */

/* Begin PBXFrameworksBuildPhase section */
		3B5ED0821CB6B4910031260A /* Frameworks */ = {
			isa = PBXFrameworksBuildPhase;
			buildActionMask = 2147483647;
			files = (
			);
			runOnlyForDeploymentPostprocessing = 0;
		};
		3B5ED0961CB6B4910031260A /* Frameworks */ = {
			isa = PBXFrameworksBuildPhase;
			buildActionMask = 2147483647;
			files = (
			);
			runOnlyForDeploymentPostprocessing = 0;
		};
		3B5ED0A11CB6B4920031260A /* Frameworks */ = {
			isa = PBXFrameworksBuildPhase;
			buildActionMask = 2147483647;
			files = (
			);
			runOnlyForDeploymentPostprocessing = 0;
		};
/* End PBXFrameworksBuildPhase section */

/* Begin PBXGroup section */
		3B5ED07C1CB6B4910031260A = {
			isa = PBXGroup;
			children = (
				3B5ED0871CB6B4910031260A /* JsonSampleWork */,
				3B5ED09C1CB6B4910031260A /* JsonSampleWorkTests */,
				3B5ED0A71CB6B4920031260A /* JsonSampleWorkUITests */,
				3B5ED0861CB6B4910031260A /* Products */,
			);
			sourceTree = "<group>";
		};
		3B5ED0861CB6B4910031260A /* Products */ = {
			isa = PBXGroup;
			children = (
				3B5ED0851CB6B4910031260A /* JsonSampleWork.app */,
				3B5ED0991CB6B4910031260A /* JsonSampleWorkTests.xctest */,
				3B5ED0A41CB6B4920031260A /* JsonSampleWorkUITests.xctest */,
			);
			name = Products;
			sourceTree = "<group>";
		};
		3B5ED0871CB6B4910031260A /* JsonSampleWork */ = {
			isa = PBXGroup;
			children = (
				3B5ED0881CB6B4910031260A /* AppDelegate.swift */,
				3B5ED0C41CB6FCD80031260A /* DisplayTableViewCell.swift */,
				3B5ED0C81CB6FCF00031260A /* Loan.swift */,
				3B5ED0C61CB6FCE70031260A /* TableViewController.swift */,
				3B5ED0CA1CB6FD210031260A /* Main.storyboard */,
				3B5ED08F1CB6B4910031260A /* Assets.xcassets */,
				3B5ED0911CB6B4910031260A /* LaunchScreen.storyboard */,
				3B5ED0941CB6B4910031260A /* Info.plist */,
			);
			path = JsonSampleWork;
			sourceTree = "<group>";
		};
		3B5ED09C1CB6B4910031260A /* JsonSampleWorkTests */ = {
			isa = PBXGroup;
			children = (
				3B5ED09D1CB6B4910031260A /* JsonSampleWorkTests.swift */,
				3B5ED09F1CB6B4910031260A /* Info.plist */,
			);
			path = JsonSampleWorkTests;
			sourceTree = "<group>";
		};
		3B5ED0A71CB6B4920031260A /* JsonSampleWorkUITests */ = {
			isa = PBXGroup;
			children = (
				3B5ED0A81CB6B4920031260A /* JsonSampleWorkUITests.swift */,
				3B5ED0AA1CB6B4920031260A /* Info.plist */,
			);
			path = JsonSampleWorkUITests;
			sourceTree = "<group>";
		};
/* End PBXGroup section */

/* Begin PBXNativeTarget section */
		3B5ED0841CB6B4910031260A /* JsonSampleWork */ = {
			isa = PBXNativeTarget;
			buildConfigurationList = 3B5ED0AD1CB6B4920031260A /* Build configuration list for PBXNativeTarget "JsonSampleWork" */;
			buildPhases = (
				3B5ED0811CB6B4910031260A /* Sources */,
				3B5ED0821CB6B4910031260A /* Frameworks */,
				3B5ED0831CB6B4910031260A /* Resources */,
			);
			buildRules = (
			);
			dependencies = (
			);
			name = JsonSampleWork;
			productName = JsonSampleWork;
			productReference = 3B5ED0851CB6B4910031260A /* JsonSampleWork.app */;
			productType = "com.apple.product-type.application";
		};
		3B5ED0981CB6B4910031260A /* JsonSampleWorkTests */ = {
			isa = PBXNativeTarget;
			buildConfigurationList = 3B5ED0B01CB6B4920031260A /* Build configuration list for PBXNativeTarget "JsonSampleWorkTests" */;
			buildPhases = (
				3B5ED0951CB6B4910031260A /* Sources */,
				3B5ED0961CB6B4910031260A /* Frameworks */,
				3B5ED0971CB6B4910031260A /* Resources */,
			);
			buildRules = (
			);
			dependencies = (
				3B5ED09B1CB6B4910031260A /* PBXTargetDependency */,
			);
			name = JsonSampleWorkTests;
			productName = JsonSampleWorkTests;
			productReference = 3B5ED0991CB6B4910031260A /* JsonSampleWorkTests.xctest */;
			productType = "com.apple.product-type.bundle.unit-test";
		};
		3B5ED0A31CB6B4920031260A /* JsonSampleWorkUITests */ = {
			isa = PBXNativeTarget;
			buildConfigurationList = 3B5ED0B31CB6B4920031260A /* Build configuration list for PBXNativeTarget "JsonSampleWorkUITests" */;
			buildPhases = (
				3B5ED0A01CB6B4920031260A /* Sources */,
				3B5ED0A11CB6B4920031260A /* Frameworks */,
				3B5ED0A21CB6B4920031260A /* Resources */,
			);
			buildRules = (
			);
			dependencies = (
				3B5ED0A61CB6B4920031260A /* PBXTargetDependency */,
			);
			name = JsonSampleWorkUITests;
			productName = JsonSampleWorkUITests;
			productReference = 3B5ED0A41CB6B4920031260A /* JsonSampleWorkUITests.xctest */;
			productType = "com.apple.product-type.bundle.ui-testing";
		};
/* End PBXNativeTarget section */

/* Begin PBXProject section */
		3B5ED07D1CB6B4910031260A /* Project object */ = {
			isa = PBXProject;
			attributes = {
				LastSwiftUpdateCheck = 0720;
				LastUpgradeCheck = 0720;
				ORGANIZATIONNAME = "Mengistayehu Mamo";
				TargetAttributes = {
					3B5ED0841CB6B4910031260A = {
						CreatedOnToolsVersion = 7.2.1;
					};
					3B5ED0981CB6B4910031260A = {
						CreatedOnToolsVersion = 7.2.1;
						TestTargetID = 3B5ED0841CB6B4910031260A;
					};
					3B5ED0A31CB6B4920031260A = {
						CreatedOnToolsVersion = 7.2.1;
						TestTargetID = 3B5ED0841CB6B4910031260A;
					};
				};
			};
			buildConfigurationList = 3B5ED0801CB6B4910031260A /* Build configuration list for PBXProject "JsonSampleWork" */;
			compatibilityVersion = "Xcode 3.2";
			developmentRegion = English;
			hasScannedForEncodings = 0;
			knownRegions = (
				en,
				Base,
			);
			mainGroup = 3B5ED07C1CB6B4910031260A;
			productRefGroup = 3B5ED0861CB6B4910031260A /* Products */;
			projectDirPath = "";
			projectRoot = "";
			targets = (
				3B5ED0841CB6B4910031260A /* JsonSampleWork */,
				3B5ED0981CB6B4910031260A /* JsonSampleWorkTests */,
				3B5ED0A31CB6B4920031260A /* JsonSampleWorkUITests */,
			);
		};
/* End PBXProject section */

/* Begin PBXResourcesBuildPhase section */
		3B5ED0831CB6B4910031260A /* Resources */ = {
			isa = PBXResourcesBuildPhase;
			buildActionMask = 2147483647;
			files = (
				3B5ED0CB1CB6FD210031260A /* Main.storyboard in Resources */,
				3B5ED0931CB6B4910031260A /* LaunchScreen.storyboard in Resources */,
				3B5ED0901CB6B4910031260A /* Assets.xcassets in Resources */,
			);
			runOnlyForDeploymentPostprocessing = 0;
		};
		3B5ED0971CB6B4910031260A /* Resources */ = {
			isa = PBXResourcesBuildPhase;
			buildActionMask = 2147483647;
			files = (
			);
			runOnlyForDeploymentPostprocessing = 0;
		};
		3B5ED0A21CB6B4920031260A /* Resources */ = {
			isa = PBXResourcesBuildPhase;
			buildActionMask = 2147483647;
			files = (
			);
			runOnlyForDeploymentPostprocessing = 0;
		};
/* End PBXResourcesBuildPhase section */

/* Begin PBXSourcesBuildPhase section */
		3B5ED0811CB6B4910031260A /* Sources */ = {
			isa = PBXSourcesBuildPhase;
			buildActionMask = 2147483647;
			files = (
				3B5ED0891CB6B4910031260A /* AppDelegate.swift in Sources */,
				3B5ED0C71CB6FCE70031260A /* TableViewController.swift in Sources */,
				3B5ED0C51CB6FCD80031260A /* DisplayTableViewCell.swift in Sources */,
				3B5ED0C91CB6FCF00031260A /* Loan.swift in Sources */,
			);
			runOnlyForDeploymentPostprocessing = 0;
		};
		3B5ED0951CB6B4910031260A /* Sources */ = {
			isa = PBXSourcesBuildPhase;
			buildActionMask = 2147483647;
			files = (
				3B5ED09E1CB6B4910031260A /* JsonSampleWorkTests.swift in Sources */,
			);
			runOnlyForDeploymentPostprocessing = 0;
		};
		3B5ED0A01CB6B4920031260A /* Sources */ = {
			isa = PBXSourcesBuildPhase;
			buildActionMask = 2147483647;
			files = (
				3B5ED0A91CB6B4920031260A /* JsonSampleWorkUITests.swift in Sources */,
			);
			runOnlyForDeploymentPostprocessing = 0;
		};
/* End PBXSourcesBuildPhase section */

/* Begin PBXTargetDependency section */
		3B5ED09B1CB6B4910031260A /* PBXTargetDependency */ = {
			isa = PBXTargetDependency;
			target = 3B5ED0841CB6B4910031260A /* JsonSampleWork */;
			targetProxy = 3B5ED09A1CB6B4910031260A /* PBXContainerItemProxy */;
		};
		3B5ED0A61CB6B4920031260A /* PBXTargetDependency */ = {
			isa = PBXTargetDependency;
			target = 3B5ED0841CB6B4910031260A /* JsonSampleWork */;
			targetProxy = 3B5ED0A51CB6B4920031260A /* PBXContainerItemProxy */;
		};
/* End PBXTargetDependency section */

/* Begin PBXVariantGroup section */
		3B5ED0911CB6B4910031260A /* LaunchScreen.storyboard */ = {
			isa = PBXVariantGroup;
			children = (
				3B5ED0921CB6B4910031260A /* Base */,
			);
			name = LaunchScreen.storyboard;
			sourceTree = "<group>";
		};
/* End PBXVariantGroup section */

/* Begin XCBuildConfiguration section */
		3B5ED0AB1CB6B4920031260A /* Debug */ = {
			isa = XCBuildConfiguration;
			buildSettings = {
				ALWAYS_SEARCH_USER_PATHS = NO;
				CLANG_CXX_LANGUAGE_STANDARD = "gnu++0x";
				CLANG_CXX_LIBRARY = "libc++";
				CLANG_ENABLE_MODULES = YES;
				CLANG_ENABLE_OBJC_ARC = YES;
				CLANG_WARN_BOOL_CONVERSION = YES;
				CLANG_WARN_CONSTANT_CONVERSION = YES;
				CLANG_WARN_DIRECT_OBJC_ISA_USAGE = YES_ERROR;
				CLANG_WARN_EMPTY_BODY = YES;
				CLANG_WARN_ENUM_CONVERSION = YES;
				CLANG_WARN_INT_CONVERSION = YES;
				CLANG_WARN_OBJC_ROOT_CLASS = YES_ERROR;
				CLANG_WARN_UNREACHABLE_CODE = YES;
				CLANG_WARN__DUPLICATE_METHOD_MATCH = YES;
				"CODE_SIGN_IDENTITY[sdk=iphoneos*]" = "iPhone Developer";
				COPY_PHASE_STRIP = NO;
				DEBUG_INFORMATION_FORMAT = dwarf;
				ENABLE_STRICT_OBJC_MSGSEND = YES;
				ENABLE_TESTABILITY = YES;
				GCC_C_LANGUAGE_STANDARD = gnu99;
				GCC_DYNAMIC_NO_PIC = NO;
				GCC_NO_COMMON_BLOCKS = YES;
				GCC_OPTIMIZATION_LEVEL = 0;
				GCC_PREPROCESSOR_DEFINITIONS = (
					"DEBUG=1",
					"$(inherited)",
				);
				GCC_WARN_64_TO_32_BIT_CONVERSION = YES;
				GCC_WARN_ABOUT_RETURN_TYPE = YES_ERROR;
				GCC_WARN_UNDECLARED_SELECTOR = YES;
				GCC_WARN_UNINITIALIZED_AUTOS = YES_AGGRESSIVE;
				GCC_WARN_UNUSED_FUNCTION = YES;
				GCC_WARN_UNUSED_VARIABLE = YES;
				IPHONEOS_DEPLOYMENT_TARGET = 9.2;
				MTL_ENABLE_DEBUG_INFO = YES;
				ONLY_ACTIVE_ARCH = YES;
				SDKROOT = iphoneos;
				SWIFT_OPTIMIZATION_LEVEL = "-Onone";
			};
			name = Debug;
		};
		3B5ED0AC1CB6B4920031260A /* Release */ = {
			isa = XCBuildConfiguration;
			buildSettings = {
				ALWAYS_SEARCH_USER_PATHS = NO;
				CLANG_CXX_LANGUAGE_STANDARD = "gnu++0x";
				CLANG_CXX_LIBRARY = "libc++";
				CLANG_ENABLE_MODULES = YES;
				CLANG_ENABLE_OBJC_ARC = YES;
				CLANG_WARN_BOOL_CONVERSION = YES;
				CLANG_WARN_CONSTANT_CONVERSION = YES;
				CLANG_WARN_DIRECT_OBJC_ISA_USAGE = YES_ERROR;
				CLANG_WARN_EMPTY_BODY = YES;
				CLANG_WARN_ENUM_CONVERSION = YES;
				CLANG_WARN_INT_CONVERSION = YES;
				CLANG_WARN_OBJC_ROOT_CLASS = YES_ERROR;
				CLANG_WARN_UNREACHABLE_CODE = YES;
				CLANG_WARN__DUPLICATE_METHOD_MATCH = YES;
				"CODE_SIGN_IDENTITY[sdk=iphoneos*]" = "iPhone Developer";
				COPY_PHASE_STRIP = NO;
				DEBUG_INFORMATION_FORMAT = "dwarf-with-dsym";
				ENABLE_NS_ASSERTIONS = NO;
				ENABLE_STRICT_OBJC_MSGSEND = YES;
				GCC_C_LANGUAGE_STANDARD = gnu99;
				GCC_NO_COMMON_BLOCKS = YES;
				GCC_WARN_64_TO_32_BIT_CONVERSION = YES;
				GCC_WARN_ABOUT_RETURN_TYPE = YES_ERROR;
				GCC_WARN_UNDECLARED_SELECTOR = YES;
				GCC_WARN_UNINITIALIZED_AUTOS = YES_AGGRESSIVE;
				GCC_WARN_UNUSED_FUNCTION = YES;
				GCC_WARN_UNUSED_VARIABLE = YES;
				IPHONEOS_DEPLOYMENT_TARGET = 9.2;
				MTL_ENABLE_DEBUG_INFO = NO;
				SDKROOT = iphoneos;
				VALIDATE_PRODUCT = YES;
			};
			name = Release;
		};
		3B5ED0AE1CB6B4920031260A /* Debug */ = {
			isa = XCBuildConfiguration;
			buildSettings = {
				ASSETCATALOG_COMPILER_APPICON_NAME = AppIcon;
				INFOPLIST_FILE = JsonSampleWork/Info.plist;
				LD_RUNPATH_SEARCH_PATHS = "$(inherited) @executable_path/Frameworks";
				PRODUCT_BUNDLE_IDENTIFIER = "Mamo-Family.JsonSampleWork";
				PRODUCT_NAME = "$(TARGET_NAME)";
			};
			name = Debug;
		};
		3B5ED0AF1CB6B4920031260A /* Release */ = {
			isa = XCBuildConfiguration;
			buildSettings = {
				ASSETCATALOG_COMPILER_APPICON_NAME = AppIcon;
				INFOPLIST_FILE = JsonSampleWork/Info.plist;
				LD_RUNPATH_SEARCH_PATHS = "$(inherited) @executable_path/Frameworks";
				PRODUCT_BUNDLE_IDENTIFIER = "Mamo-Family.JsonSampleWork";
				PRODUCT_NAME = "$(TARGET_NAME)";
			};
			name = Release;
		};
		3B5ED0B11CB6B4920031260A /* Debug */ = {
			isa = XCBuildConfiguration;
			buildSettings = {
				BUNDLE_LOADER = "$(TEST_HOST)";
				INFOPLIST_FILE = JsonSampleWorkTests/Info.plist;
				LD_RUNPATH_SEARCH_PATHS = "$(inherited) @executable_path/Frameworks @loader_path/Frameworks";
				PRODUCT_BUNDLE_IDENTIFIER = "Mamo-Family.JsonSampleWorkTests";
				PRODUCT_NAME = "$(TARGET_NAME)";
				TEST_HOST = "$(BUILT_PRODUCTS_DIR)/JsonSampleWork.app/JsonSampleWork";
			};
			name = Debug;
		};
		3B5ED0B21CB6B4920031260A /* Release */ = {
			isa = XCBuildConfiguration;
			buildSettings = {
				BUNDLE_LOADER = "$(TEST_HOST)";
				INFOPLIST_FILE = JsonSampleWorkTests/Info.plist;
				LD_RUNPATH_SEARCH_PATHS = "$(inherited) @executable_path/Frameworks @loader_path/Frameworks";
				PRODUCT_BUNDLE_IDENTIFIER = "Mamo-Family.JsonSampleWorkTests";
				PRODUCT_NAME = "$(TARGET_NAME)";
				TEST_HOST = "$(BUILT_PRODUCTS_DIR)/JsonSampleWork.app/JsonSampleWork";
			};
			name = Release;
		};
		3B5ED0B41CB6B4920031260A /* Debug */ = {
			isa = XCBuildConfiguration;
			buildSettings = {
				INFOPLIST_FILE = JsonSampleWorkUITests/Info.plist;
				LD_RUNPATH_SEARCH_PATHS = "$(inherited) @executable_path/Frameworks @loader_path/Frameworks";
				PRODUCT_BUNDLE_IDENTIFIER = "Mamo-Family.JsonSampleWorkUITests";
				PRODUCT_NAME = "$(TARGET_NAME)";
				TEST_TARGET_NAME = JsonSampleWork;
				USES_XCTRUNNER = YES;
			};
			name = Debug;
		};
		3B5ED0B51CB6B4920031260A /* Release */ = {
			isa = XCBuildConfiguration;
			buildSettings = {
				INFOPLIST_FILE = JsonSampleWorkUITests/Info.plist;
				LD_RUNPATH_SEARCH_PATHS = "$(inherited) @executable_path/Frameworks @loader_path/Frameworks";
				PRODUCT_BUNDLE_IDENTIFIER = "Mamo-Family.JsonSampleWorkUITests";
				PRODUCT_NAME = "$(TARGET_NAME)";
				TEST_TARGET_NAME = JsonSampleWork;
				USES_XCTRUNNER = YES;
			};
			name = Release;
		};
/* End XCBuildConfiguration section */

/* Begin XCConfigurationList section */
		3B5ED0801CB6B4910031260A /* Build configuration list for PBXProject "JsonSampleWork" */ = {
			isa = XCConfigurationList;
			buildConfigurations = (
				3B5ED0AB1CB6B4920031260A /* Debug */,
				3B5ED0AC1CB6B4920031260A /* Release */,
			);
			defaultConfigurationIsVisible = 0;
			defaultConfigurationName = Release;
		};
		3B5ED0AD1CB6B4920031260A /* Build configuration list for PBXNativeTarget "JsonSampleWork" */ = {
			isa = XCConfigurationList;
			buildConfigurations = (
				3B5ED0AE1CB6B4920031260A /* Debug */,
				3B5ED0AF1CB6B4920031260A /* Release */,
			);
			defaultConfigurationIsVisible = 0;
			defaultConfigurationName = Release;
		};
		3B5ED0B01CB6B4920031260A /* Build configuration list for PBXNativeTarget "JsonSampleWorkTests" */ = {
			isa = XCConfigurationList;
			buildConfigurations = (
				3B5ED0B11CB6B4920031260A /* Debug */,
				3B5ED0B21CB6B4920031260A /* Release */,
			);
			defaultConfigurationIsVisible = 0;
			defaultConfigurationName = Release;
		};
		3B5ED0B31CB6B4920031260A /* Build configuration list for PBXNativeTarget "JsonSampleWorkUITests" */ = {
			isa = XCConfigurationList;
			buildConfigurations = (
				3B5ED0B41CB6B4920031260A /* Debug */,
				3B5ED0B51CB6B4920031260A /* Release */,
			);
			defaultConfigurationIsVisible = 0;
			defaultConfigurationName = Release;
		};
/* End XCConfigurationList section */
	};
	rootObject = 3B5ED07D1CB6B4910031260A /* Project object */;
}
